Microsoft Visual Studio Solution File, Format Version 12.00
# Visual Studio Version 17
VisualStudioVersion = 17.5.2.0
MinimumVisualStudioVersion = 10.0.40219.1
Project("{FAE04EC0-301F-11D3-BF4B-00C04F79EFBC}") = "QdrantValidator", "QdrantValidator\QdrantValidator.csproj", "{D0BBDF55-7922-39DD-72BA-D00002A784CF}"
EndProject
Global
	GlobalSection(SolutionConfigurationPlatforms) = preSolution
		Debug|Any CPU = Debug|Any CPU
		Release|Any CPU = Release|Any CPU
	EndGlobalSection
	GlobalSection(ProjectConfigurationPlatforms) = postSolution
		{D0BBDF55-7922-39DD-72BA-D00002A784CF}.Debug|Any CPU.ActiveCfg = Debug|Any CPU
		{D0BBDF55-7922-39DD-72BA-D00002A784CF}.Debug|Any CPU.Build.0 = Debug|Any CPU
		{D0BBDF55-7922-39DD-72BA-D00002A784CF}.Release|Any CPU.ActiveCfg = Release|Any CPU
		{D0BBDF55-7922-39DD-72BA-D00002A784CF}.Release|Any CPU.Build.0 = Release|Any CPU
	EndGlobalSection
	GlobalSection(SolutionProperties) = preSolution
		HideSolutionNode = FALSE
	EndGlobalSection
	GlobalSection(ExtensibilityGlobals) = postSolution
		SolutionGuid = {381F9C12-929C-4C8B-8C8C-EB067A9B93E2}
	EndGlobalSection
EndGlobal
